// !$*UTF8*$!
{
	archiveVersion = 1;
	classes = {
	};
	objectVersion = 46;
	objects = {

/* Begin PBXBuildFile section */
		E61B90211DCD9A0600F3016A /* Game.swift in Sources */ = {isa = PBXBuildFile; fileRef = E61B90201DCD9A0600F3016A /* Game.swift */; };
		E61B90271DCE4F0600F3016A /* GameTableViewCell.swift in Sources */ = {isa = PBXBuildFile; fileRef = E61B90261DCE4F0600F3016A /* GameTableViewCell.swift */; };
		E63A75241DEA5A85006402C7 /* LoginViewController_old.swift in Sources */ = {isa = PBXBuildFile; fileRef = E63A75231DEA5A85006402C7 /* LoginViewController_old.swift */; };
		E63A75281DEBAF39006402C7 /* LoginViewController.swift in Sources */ = {isa = PBXBuildFile; fileRef = E63A75271DEBAF39006402C7 /* LoginViewController.swift */; };
		E63A752A1DEBB111006402C7 /* SignupViewController.swift in Sources */ = {isa = PBXBuildFile; fileRef = E63A75291DEBB111006402C7 /* SignupViewController.swift */; };
		E63A752C1DEBD62A006402C7 /* HomeViewController.swift in Sources */ = {isa = PBXBuildFile; fileRef = E63A752B1DEBD62A006402C7 /* HomeViewController.swift */; };
		E6C592C41DCE585E00ACAE61 /* GameTableViewController.swift in Sources */ = {isa = PBXBuildFile; fileRef = E6C592C31DCE585E00ACAE61 /* GameTableViewController.swift */; };
		E6C592C61DCE637D00ACAE61 /* Player.swift in Sources */ = {isa = PBXBuildFile; fileRef = E61B90221DCD9EA700F3016A /* Player.swift */; };
		E6C592C81DCE8A4000ACAE61 /* GameAddViewController.swift in Sources */ = {isa = PBXBuildFile; fileRef = E6C592C71DCE8A4000ACAE61 /* GameAddViewController.swift */; };
		E6CA577E1DCD407C000742F0 /* AppDelegate.swift in Sources */ = {isa = PBXBuildFile; fileRef = E6CA577D1DCD407C000742F0 /* AppDelegate.swift */; };
		E6CA57801DCD407C000742F0 /* GameViewController.swift in Sources */ = {isa = PBXBuildFile; fileRef = E6CA577F1DCD407C000742F0 /* GameViewController.swift */; };
		E6CA57831DCD407C000742F0 /* Main.storyboard in Resources */ = {isa = PBXBuildFile; fileRef = E6CA57811DCD407C000742F0 /* Main.storyboard */; };
		E6CA57851DCD407C000742F0 /* Assets.xcassets in Resources */ = {isa = PBXBuildFile; fileRef = E6CA57841DCD407C000742F0 /* Assets.xcassets */; };
		E6CA57881DCD407C000742F0 /* LaunchScreen.storyboard in Resources */ = {isa = PBXBuildFile; fileRef = E6CA57861DCD407C000742F0 /* LaunchScreen.storyboard */; };
		E6CA57931DCD407C000742F0 /* SchedulerTests.swift in Sources */ = {isa = PBXBuildFile; fileRef = E6CA57921DCD407C000742F0 /* SchedulerTests.swift */; };
/* End PBXBuildFile section */

/* Begin PBXContainerItemProxy section */
		E6CA578F1DCD407C000742F0 /* PBXContainerItemProxy */ = {
			isa = PBXContainerItemProxy;
			containerPortal = E6CA57721DCD407C000742F0 /* Project object */;
			proxyType = 1;
			remoteGlobalIDString = E6CA57791DCD407C000742F0;
			remoteInfo = Scheduler;
		};
/* End PBXContainerItemProxy section */

/* Begin PBXFileReference section */
		E61B90201DCD9A0600F3016A /* Game.swift */ = {isa = PBXFileReference; fileEncoding = 4; lastKnownFileType = sourcecode.swift; path = Game.swift; sourceTree = "<group>"; };
		E61B90221DCD9EA700F3016A /* Player.swift */ = {isa = PBXFileReference; fileEncoding = 4; lastKnownFileType = sourcecode.swift; path = Player.swift; sourceTree = "<group>"; };
		E61B90261DCE4F0600F3016A /* GameTableViewCell.swift */ = {isa = PBXFileReference; fileEncoding = 4; lastKnownFileType = sourcecode.swift; name = GameTableViewCell.swift; path = ../GameTableViewCell.swift; sourceTree = "<group>"; };
		E63A75231DEA5A85006402C7 /* LoginViewController_old.swift */ = {isa = PBXFileReference; fileEncoding = 4; lastKnownFileType = sourcecode.swift; path = LoginViewController_old.swift; sourceTree = "<group>"; };
		E63A75271DEBAF39006402C7 /* LoginViewController.swift */ = {isa = PBXFileReference; fileEncoding = 4; lastKnownFileType = sourcecode.swift; path = LoginViewController.swift; sourceTree = "<group>"; };
		E63A75291DEBB111006402C7 /* SignupViewController.swift */ = {isa = PBXFileReference; fileEncoding = 4; lastKnownFileType = sourcecode.swift; path = SignupViewController.swift; sourceTree = "<group>"; };
		E63A752B1DEBD62A006402C7 /* HomeViewController.swift */ = {isa = PBXFileReference; fileEncoding = 4; lastKnownFileType = sourcecode.swift; path = HomeViewController.swift; sourceTree = "<group>"; };
		E6C592C31DCE585E00ACAE61 /* GameTableViewController.swift */ = {isa = PBXFileReference; fileEncoding = 4; lastKnownFileType = sourcecode.swift; name = GameTableViewController.swift; path = ../GameTableViewController.swift; sourceTree = "<group>"; };
		E6C592C71DCE8A4000ACAE61 /* GameAddViewController.swift */ = {isa = PBXFileReference; fileEncoding = 4; lastKnownFileType = sourcecode.swift; path = GameAddViewController.swift; sourceTree = "<group>"; };
		E6CA577A1DCD407C000742F0 /* Scheduler.app */ = {isa = PBXFileReference; explicitFileType = wrapper.application; includeInIndex = 0; path = Scheduler.app; sourceTree = BUILT_PRODUCTS_DIR; };
		E6CA577D1DCD407C000742F0 /* AppDelegate.swift */ = {isa = PBXFileReference; lastKnownFileType = sourcecode.swift; path = AppDelegate.swift; sourceTree = "<group>"; };
		E6CA577F1DCD407C000742F0 /* GameViewController.swift */ = {isa = PBXFileReference; lastKnownFileType = sourcecode.swift; path = GameViewController.swift; sourceTree = "<group>"; };
		E6CA57821DCD407C000742F0 /* Base */ = {isa = PBXFileReference; lastKnownFileType = file.storyboard; name = Base; path = Base.lproj/Main.storyboard; sourceTree = "<group>"; };
		E6CA57841DCD407C000742F0 /* Assets.xcassets */ = {isa = PBXFileReference; lastKnownFileType = folder.assetcatalog; path = Assets.xcassets; sourceTree = "<group>"; };
		E6CA57871DCD407C000742F0 /* Base */ = {isa = PBXFileReference; lastKnownFileType = file.storyboard; name = Base; path = Base.lproj/LaunchScreen.storyboard; sourceTree = "<group>"; };
		E6CA57891DCD407C000742F0 /* Info.plist */ = {isa = PBXFileReference; lastKnownFileType = text.plist.xml; path = Info.plist; sourceTree = "<group>"; };
		E6CA578E1DCD407C000742F0 /* SchedulerTests.xctest */ = {isa = PBXFileReference; explicitFileType = wrapper.cfbundle; includeInIndex = 0; path = SchedulerTests.xctest; sourceTree = BUILT_PRODUCTS_DIR; };
		E6CA57921DCD407C000742F0 /* SchedulerTests.swift */ = {isa = PBXFileReference; lastKnownFileType = sourcecode.swift; path = SchedulerTests.swift; sourceTree = "<group>"; };
		E6CA57941DCD407C000742F0 /* Info.plist */ = {isa = PBXFileReference; lastKnownFileType = text.plist.xml; path = Info.plist; sourceTree = "<group>"; };
/* End PBXFileReference section */

/* Begin PBXFrameworksBuildPhase section */
		E6CA57771DCD407C000742F0 /* Frameworks */ = {
			isa = PBXFrameworksBuildPhase;
			buildActionMask = 2147483647;
			files = (
			);
			runOnlyForDeploymentPostprocessing = 0;
		};
		E6CA578B1DCD407C000742F0 /* Frameworks */ = {
			isa = PBXFrameworksBuildPhase;
			buildActionMask = 2147483647;
			files = (
			);
			runOnlyForDeploymentPostprocessing = 0;
		};
/* End PBXFrameworksBuildPhase section */

/* Begin PBXGroup section */
		E6CA57711DCD407C000742F0 = {
			isa = PBXGroup;
			children = (
				E6CA577C1DCD407C000742F0 /* Scheduler */,
				E6CA57911DCD407C000742F0 /* SchedulerTests */,
				E6CA577B1DCD407C000742F0 /* Products */,
			);
			sourceTree = "<group>";
		};
		E6CA577B1DCD407C000742F0 /* Products */ = {
			isa = PBXGroup;
			children = (
				E6CA577A1DCD407C000742F0 /* Scheduler.app */,
				E6CA578E1DCD407C000742F0 /* SchedulerTests.xctest */,
			);
			name = Products;
			sourceTree = "<group>";
		};
		E6CA577C1DCD407C000742F0 /* Scheduler */ = {
			isa = PBXGroup;
			children = (
				E6C592C31DCE585E00ACAE61 /* GameTableViewController.swift */,
				E61B90261DCE4F0600F3016A /* GameTableViewCell.swift */,
				E6CA577D1DCD407C000742F0 /* AppDelegate.swift */,
				E6CA577F1DCD407C000742F0 /* GameViewController.swift */,
				E6C592C71DCE8A4000ACAE61 /* GameAddViewController.swift */,
				E63A75231DEA5A85006402C7 /* LoginViewController_old.swift */,
				E63A75271DEBAF39006402C7 /* LoginViewController.swift */,
				E63A75291DEBB111006402C7 /* SignupViewController.swift */,
				E6CA57811DCD407C000742F0 /* Main.storyboard */,
				E63A752B1DEBD62A006402C7 /* HomeViewController.swift */,
				E61B90201DCD9A0600F3016A /* Game.swift */,
				E61B90221DCD9EA700F3016A /* Player.swift */,
				E6CA57841DCD407C000742F0 /* Assets.xcassets */,
				E6CA57861DCD407C000742F0 /* LaunchScreen.storyboard */,
				E6CA57891DCD407C000742F0 /* Info.plist */,
			);
			path = Scheduler;
			sourceTree = "<group>";
		};
		E6CA57911DCD407C000742F0 /* SchedulerTests */ = {
			isa = PBXGroup;
			children = (
				E6CA57921DCD407C000742F0 /* SchedulerTests.swift */,
				E6CA57941DCD407C000742F0 /* Info.plist */,
			);
			path = SchedulerTests;
			sourceTree = "<group>";
		};
/* End PBXGroup section */

/* Begin PBXNativeTarget section */
		E6CA57791DCD407C000742F0 /* Scheduler */ = {
			isa = PBXNativeTarget;
			buildConfigurationList = E6CA57971DCD407C000742F0 /* Build configuration list for PBXNativeTarget "Scheduler" */;
			buildPhases = (
				E6CA57761DCD407C000742F0 /* Sources */,
				E6CA57771DCD407C000742F0 /* Frameworks */,
				E6CA57781DCD407C000742F0 /* Resources */,
			);
			buildRules = (
			);
			dependencies = (
			);
			name = Scheduler;
			productName = Scheduler;
			productReference = E6CA577A1DCD407C000742F0 /* Scheduler.app */;
			productType = "com.apple.product-type.application";
		};
		E6CA578D1DCD407C000742F0 /* SchedulerTests */ = {
			isa = PBXNativeTarget;
			buildConfigurationList = E6CA579A1DCD407C000742F0 /* Build configuration list for PBXNativeTarget "SchedulerTests" */;
			buildPhases = (
				E6CA578A1DCD407C000742F0 /* Sources */,
				E6CA578B1DCD407C000742F0 /* Frameworks */,
				E6CA578C1DCD407C000742F0 /* Resources */,
			);
			buildRules = (
			);
			dependencies = (
				E6CA57901DCD407C000742F0 /* PBXTargetDependency */,
			);
			name = SchedulerTests;
			productName = SchedulerTests;
			productReference = E6CA578E1DCD407C000742F0 /* SchedulerTests.xctest */;
			productType = "com.apple.product-type.bundle.unit-test";
		};
/* End PBXNativeTarget section */

/* Begin PBXProject section */
		E6CA57721DCD407C000742F0 /* Project object */ = {
			isa = PBXProject;
			attributes = {
				LastSwiftUpdateCheck = 0800;
				LastUpgradeCheck = 0800;
				ORGANIZATIONNAME = "Micheal Willard";
				TargetAttributes = {
					E6CA57791DCD407C000742F0 = {
						CreatedOnToolsVersion = 8.0;
						ProvisioningStyle = Automatic;
					};
					E6CA578D1DCD407C000742F0 = {
						CreatedOnToolsVersion = 8.0;
						ProvisioningStyle = Automatic;
						TestTargetID = E6CA57791DCD407C000742F0;
					};
				};
			};
			buildConfigurationList = E6CA57751DCD407C000742F0 /* Build configuration list for PBXProject "Scheduler" */;
			compatibilityVersion = "Xcode 3.2";
			developmentRegion = English;
			hasScannedForEncodings = 0;
			knownRegions = (
				en,
				Base,
			);
			mainGroup = E6CA57711DCD407C000742F0;
			productRefGroup = E6CA577B1DCD407C000742F0 /* Products */;
			projectDirPath = "";
			projectRoot = "";
			targets = (
				E6CA57791DCD407C000742F0 /* Scheduler */,
				E6CA578D1DCD407C000742F0 /* SchedulerTests */,
			);
		};
/* End PBXProject section */

/* Begin PBXResourcesBuildPhase section */
		E6CA57781DCD407C000742F0 /* Resources */ = {
			isa = PBXResourcesBuildPhase;
			buildActionMask = 2147483647;
			files = (
				E6CA57881DCD407C000742F0 /* LaunchScreen.storyboard in Resources */,
				E6CA57851DCD407C000742F0 /* Assets.xcassets in Resources */,
				E6CA57831DCD407C000742F0 /* Main.storyboard in Resources */,
			);
			runOnlyForDeploymentPostprocessing = 0;
		};
		E6CA578C1DCD407C000742F0 /* Resources */ = {
			isa = PBXResourcesBuildPhase;
			buildActionMask = 2147483647;
			files = (
			);
			runOnlyForDeploymentPostprocessing = 0;
		};
/* End PBXResourcesBuildPhase section */

/* Begin PBXSourcesBuildPhase section */
		E6CA57761DCD407C000742F0 /* Sources */ = {
			isa = PBXSourcesBuildPhase;
			buildActionMask = 2147483647;
			files = (
				E6C592C81DCE8A4000ACAE61 /* GameAddViewController.swift in Sources */,
				E6CA57801DCD407C000742F0 /* GameViewController.swift in Sources */,
				E63A752A1DEBB111006402C7 /* SignupViewController.swift in Sources */,
				E6CA577E1DCD407C000742F0 /* AppDelegate.swift in Sources */,
				E61B90211DCD9A0600F3016A /* Game.swift in Sources */,
				E63A75241DEA5A85006402C7 /* LoginViewController_old.swift in Sources */,
				E6C592C61DCE637D00ACAE61 /* Player.swift in Sources */,
				E61B90271DCE4F0600F3016A /* GameTableViewCell.swift in Sources */,
				E63A75281DEBAF39006402C7 /* LoginViewController.swift in Sources */,
				E6C592C41DCE585E00ACAE61 /* GameTableViewController.swift in Sources */,
				E63A752C1DEBD62A006402C7 /* HomeViewController.swift in Sources */,
			);
			runOnlyForDeploymentPostprocessing = 0;
		};
		E6CA578A1DCD407C000742F0 /* Sources */ = {
			isa = PBXSourcesBuildPhase;
			buildActionMask = 2147483647;
			files = (
				E6CA57931DCD407C000742F0 /* SchedulerTests.swift in Sources */,
			);
			runOnlyForDeploymentPostprocessing = 0;
		};
/* End PBXSourcesBuildPhase section */

/* Begin PBXTargetDependency section */
		E6CA57901DCD407C000742F0 /* PBXTargetDependency */ = {
			isa = PBXTargetDependency;
			target = E6CA57791DCD407C000742F0 /* Scheduler */;
			targetProxy = E6CA578F1DCD407C000742F0 /* PBXContainerItemProxy */;
		};
/* End PBXTargetDependency section */

/* Begin PBXVariantGroup section */
		E6CA57811DCD407C000742F0 /* Main.storyboard */ = {
			isa = PBXVariantGroup;
			children = (
				E6CA57821DCD407C000742F0 /* Base */,
			);
			name = Main.storyboard;
			sourceTree = "<group>";
		};
		E6CA57861DCD407C000742F0 /* LaunchScreen.storyboard */ = {
			isa = PBXVariantGroup;
			children = (
				E6CA57871DCD407C000742F0 /* Base */,
			);
			name = LaunchScreen.storyboard;
			sourceTree = "<group>";
		};
/* End PBXVariantGroup section */

/* Begin XCBuildConfiguration section */
		E6CA57951DCD407C000742F0 /* Debug */ = {
			isa = XCBuildConfiguration;
			buildSettings = {
				ALWAYS_SEARCH_USER_PATHS = NO;
				CLANG_ANALYZER_NONNULL = YES;
				CLANG_CXX_LANGUAGE_STANDARD = "gnu++0x";
				CLANG_CXX_LIBRARY = "libc++";
				CLANG_ENABLE_MODULES = YES;
				CLANG_ENABLE_OBJC_ARC = YES;
				CLANG_WARN_BOOL_CONVERSION = YES;
				CLANG_WARN_CONSTANT_CONVERSION = YES;
				CLANG_WARN_DIRECT_OBJC_ISA_USAGE = YES_ERROR;
				CLANG_WARN_DOCUMENTATION_COMMENTS = YES;
				CLANG_WARN_EMPTY_BODY = YES;
				CLANG_WARN_ENUM_CONVERSION = YES;
				CLANG_WARN_INFINITE_RECURSION = YES;
				CLANG_WARN_INT_CONVERSION = YES;
				CLANG_WARN_OBJC_ROOT_CLASS = YES_ERROR;
				CLANG_WARN_SUSPICIOUS_MOVES = YES;
				CLANG_WARN_UNREACHABLE_CODE = YES;
				CLANG_WARN__DUPLICATE_METHOD_MATCH = YES;
				"CODE_SIGN_IDENTITY[sdk=iphoneos*]" = "iPhone Developer";
				COPY_PHASE_STRIP = NO;
				DEBUG_INFORMATION_FORMAT = dwarf;
				ENABLE_STRICT_OBJC_MSGSEND = YES;
				ENABLE_TESTABILITY = YES;
				GCC_C_LANGUAGE_STANDARD = gnu99;
				GCC_DYNAMIC_NO_PIC = NO;
				GCC_NO_COMMON_BLOCKS = YES;
				GCC_OPTIMIZATION_LEVEL = 0;
				GCC_PREPROCESSOR_DEFINITIONS = (
					"DEBUG=1",
					"$(inherited)",
				);
				GCC_WARN_64_TO_32_BIT_CONVERSION = YES;
				GCC_WARN_ABOUT_RETURN_TYPE = YES_ERROR;
				GCC_WARN_UNDECLARED_SELECTOR = YES;
				GCC_WARN_UNINITIALIZED_AUTOS = YES_AGGRESSIVE;
				GCC_WARN_UNUSED_FUNCTION = YES;
				GCC_WARN_UNUSED_VARIABLE = YES;
				IPHONEOS_DEPLOYMENT_TARGET = 10.0;
				MTL_ENABLE_DEBUG_INFO = YES;
				ONLY_ACTIVE_ARCH = YES;
				SDKROOT = iphoneos;
				SWIFT_ACTIVE_COMPILATION_CONDITIONS = DEBUG;
				SWIFT_OPTIMIZATION_LEVEL = "-Onone";
				TARGETED_DEVICE_FAMILY = "1,2";
			};
			name = Debug;
		};
		E6CA57961DCD407C000742F0 /* Release */ = {
			isa = XCBuildConfiguration;
			buildSettings = {
				ALWAYS_SEARCH_USER_PATHS = NO;
				CLANG_ANALYZER_NONNULL = YES;
				CLANG_CXX_LANGUAGE_STANDARD = "gnu++0x";
				CLANG_CXX_LIBRARY = "libc++";
				CLANG_ENABLE_MODULES = YES;
				CLANG_ENABLE_OBJC_ARC = YES;
				CLANG_WARN_BOOL_CONVERSION = YES;
				CLANG_WARN_CONSTANT_CONVERSION = YES;
				CLANG_WARN_DIRECT_OBJC_ISA_USAGE = YES_ERROR;
				CLANG_WARN_DOCUMENTATION_COMMENTS = YES;
				CLANG_WARN_EMPTY_BODY = YES;
				CLANG_WARN_ENUM_CONVERSION = YES;
				CLANG_WARN_INFINITE_RECURSION = YES;
				CLANG_WARN_INT_CONVERSION = YES;
				CLANG_WARN_OBJC_ROOT_CLASS = YES_ERROR;
				CLANG_WARN_SUSPICIOUS_MOVES = YES;
				CLANG_WARN_UNREACHABLE_CODE = YES;
				CLANG_WARN__DUPLICATE_METHOD_MATCH = YES;
				"CODE_SIGN_IDENTITY[sdk=iphoneos*]" = "iPhone Developer";
				COPY_PHASE_STRIP = NO;
				DEBUG_INFORMATION_FORMAT = "dwarf-with-dsym";
				ENABLE_NS_ASSERTIONS = NO;
				ENABLE_STRICT_OBJC_MSGSEND = YES;
				GCC_C_LANGUAGE_STANDARD = gnu99;
				GCC_NO_COMMON_BLOCKS = YES;
				GCC_WARN_64_TO_32_BIT_CONVERSION = YES;
				GCC_WARN_ABOUT_RETURN_TYPE = YES_ERROR;
				GCC_WARN_UNDECLARED_SELECTOR = YES;
				GCC_WARN_UNINITIALIZED_AUTOS = YES_AGGRESSIVE;
				GCC_WARN_UNUSED_FUNCTION = YES;
				GCC_WARN_UNUSED_VARIABLE = YES;
				IPHONEOS_DEPLOYMENT_TARGET = 10.0;
				MTL_ENABLE_DEBUG_INFO = NO;
				SDKROOT = iphoneos;
				SWIFT_OPTIMIZATION_LEVEL = "-Owholemodule";
				TARGETED_DEVICE_FAMILY = "1,2";
				VALIDATE_PRODUCT = YES;
			};
			name = Release;
		};
		E6CA57981DCD407C000742F0 /* Debug */ = {
			isa = XCBuildConfiguration;
			buildSettings = {
				ASSETCATALOG_COMPILER_APPICON_NAME = AppIcon;
				INFOPLIST_FILE = Scheduler/Info.plist;
				LD_RUNPATH_SEARCH_PATHS = "$(inherited) @executable_path/Frameworks";
				PRODUCT_BUNDLE_IDENTIFIER = mew.Scheduler;
				PRODUCT_NAME = "$(TARGET_NAME)";
				SWIFT_VERSION = 3.0;
			};
			name = Debug;
		};
		E6CA57991DCD407C000742F0 /* Release */ = {
			isa = XCBuildConfiguration;
			buildSettings = {
				ASSETCATALOG_COMPILER_APPICON_NAME = AppIcon;
				INFOPLIST_FILE = Scheduler/Info.plist;
				LD_RUNPATH_SEARCH_PATHS = "$(inherited) @executable_path/Frameworks";
				PRODUCT_BUNDLE_IDENTIFIER = mew.Scheduler;
				PRODUCT_NAME = "$(TARGET_NAME)";
				SWIFT_VERSION = 3.0;
			};
			name = Release;
		};
		E6CA579B1DCD407C000742F0 /* Debug */ = {
			isa = XCBuildConfiguration;
			buildSettings = {
				ALWAYS_EMBED_SWIFT_STANDARD_LIBRARIES = YES;
				BUNDLE_LOADER = "$(TEST_HOST)";
				INFOPLIST_FILE = SchedulerTests/Info.plist;
				LD_RUNPATH_SEARCH_PATHS = "$(inherited) @executable_path/Frameworks @loader_path/Frameworks";
				PRODUCT_BUNDLE_IDENTIFIER = mew.SchedulerTests;
				PRODUCT_NAME = "$(TARGET_NAME)";
				SWIFT_VERSION = 3.0;
				TEST_HOST = "$(BUILT_PRODUCTS_DIR)/Scheduler.app/Scheduler";
			};
			name = Debug;
		};
		E6CA579C1DCD407C000742F0 /* Release */ = {
			isa = XCBuildConfiguration;
			buildSettings = {
				ALWAYS_EMBED_SWIFT_STANDARD_LIBRARIES = YES;
				BUNDLE_LOADER = "$(TEST_HOST)";
				INFOPLIST_FILE = SchedulerTests/Info.plist;
				LD_RUNPATH_SEARCH_PATHS = "$(inherited) @executable_path/Frameworks @loader_path/Frameworks";
				PRODUCT_BUNDLE_IDENTIFIER = mew.SchedulerTests;
				PRODUCT_NAME = "$(TARGET_NAME)";
				SWIFT_VERSION = 3.0;
				TEST_HOST = "$(BUILT_PRODUCTS_DIR)/Scheduler.app/Scheduler";
			};
			name = Release;
		};
/* End XCBuildConfiguration section */

/* Begin XCConfigurationList section */
		E6CA57751DCD407C000742F0 /* Build configuration list for PBXProject "Scheduler" */ = {
			isa = XCConfigurationList;
			buildConfigurations = (
				E6CA57951DCD407C000742F0 /* Debug */,
				E6CA57961DCD407C000742F0 /* Release */,
			);
			defaultConfigurationIsVisible = 0;
			defaultConfigurationName = Release;
		};
		E6CA57971DCD407C000742F0 /* Build configuration list for PBXNativeTarget "Scheduler" */ = {
			isa = XCConfigurationList;
			buildConfigurations = (
				E6CA57981DCD407C000742F0 /* Debug */,
				E6CA57991DCD407C000742F0 /* Release */,
			);
			defaultConfigurationIsVisible = 0;
			defaultConfigurationName = Release;
		};
		E6CA579A1DCD407C000742F0 /* Build configuration list for PBXNativeTarget "SchedulerTests" */ = {
			isa = XCConfigurationList;
			buildConfigurations = (
				E6CA579B1DCD407C000742F0 /* Debug */,
				E6CA579C1DCD407C000742F0 /* Release */,
			);
			defaultConfigurationIsVisible = 0;
			defaultConfigurationName = Release;
		};
/* End XCConfigurationList section */
	};
	rootObject = E6CA57721DCD407C000742F0 /* Project object */;
}
